
Microsoft Visual Studio Solution File, Format Version 12.00
# Visual Studio Version 17
VisualStudioVersion = 17.14.36408.4 d17.14
MinimumVisualStudioVersion = 10.0.40219.1
Project("{FAE04EC0-301F-11D3-BF4B-00C04F79EFBC}") = "StoryApp", "StoryApp.csproj", "{2CBD38CE-AD6D-4E62-A962-3585CCC672FB}"
EndProject
Global
	GlobalSection(SolutionConfigurationPlatforms) = preSolution
		Debug|Any CPU = Debug|Any CPU
		Release|Any CPU = Release|Any CPU
	EndGlobalSection
	GlobalSection(ProjectConfigurationPlatforms) = postSolution
		{2CBD38CE-AD6D-4E62-A962-3585CCC672FB}.Debug|Any CPU.ActiveCfg = Debug|Any CPU
		{2CBD38CE-AD6D-4E62-A962-3585CCC672FB}.Debug|Any CPU.Build.0 = Debug|Any CPU
		{2CBD38CE-AD6D-4E62-A962-3585CCC672FB}.Release|Any CPU.ActiveCfg = Release|Any CPU
		{2CBD38CE-AD6D-4E62-A962-3585CCC672FB}.Release|Any CPU.Build.0 = Release|Any CPU
	EndGlobalSection
	GlobalSection(SolutionProperties) = preSolution
		HideSolutionNode = FALSE
	EndGlobalSection
	GlobalSection(ExtensibilityGlobals) = postSolution
		SolutionGuid = {B4FE6C81-D538-4090-8EAA-614C3E3E3245}
	EndGlobalSection
EndGlobal
